Microsoft Visual Studio Solution File, Format Version 12.00
# Visual Studio Version 17
VisualStudioVersion = 17.5.2.0
MinimumVisualStudioVersion = 10.0.40219.1
Project("{FAE04EC0-301F-11D3-BF4B-00C04F79EFBC}") = "class-12", "class-12.csproj", "{CA9E8C85-F2B1-1AF5-65C7-205C2ABB1CB4}"
EndProject
Global
	GlobalSection(SolutionConfigurationPlatforms) = preSolution
		Debug|Any CPU = Debug|Any CPU
		Release|Any CPU = Release|Any CPU
	EndGlobalSection
	GlobalSection(ProjectConfigurationPlatforms) = postSolution
		{CA9E8C85-F2B1-1AF5-65C7-205C2ABB1CB4}.Debug|Any CPU.ActiveCfg = Debug|Any CPU
		{CA9E8C85-F2B1-1AF5-65C7-205C2ABB1CB4}.Debug|Any CPU.Build.0 = Debug|Any CPU
		{CA9E8C85-F2B1-1AF5-65C7-205C2ABB1CB4}.Release|Any CPU.ActiveCfg = Release|Any CPU
		{CA9E8C85-F2B1-1AF5-65C7-205C2ABB1CB4}.Release|Any CPU.Build.0 = Release|Any CPU
	EndGlobalSection
	GlobalSection(SolutionProperties) = preSolution
		HideSolutionNode = FALSE
	EndGlobalSection
	GlobalSection(ExtensibilityGlobals) = postSolution
		SolutionGuid = {FF0799BF-F4BC-441D-80DE-0739E6D5707F}
	EndGlobalSection
EndGlobal
