Microsoft Visual Studio Solution File, Format Version 12.00
# Visual Studio Version 17
VisualStudioVersion = 17.5.2.0
MinimumVisualStudioVersion = 10.0.40219.1
Project("{FAE04EC0-301F-11D3-BF4B-00C04F79EFBC}") = "learning-di", "learning-di.csproj", "{7061D373-8BA7-4747-E42E-79BC56FB1F1D}"
EndProject
Global
	GlobalSection(SolutionConfigurationPlatforms) = preSolution
		Debug|Any CPU = Debug|Any CPU
		Release|Any CPU = Release|Any CPU
	EndGlobalSection
	GlobalSection(ProjectConfigurationPlatforms) = postSolution
		{7061D373-8BA7-4747-E42E-79BC56FB1F1D}.Debug|Any CPU.ActiveCfg = Debug|Any CPU
		{7061D373-8BA7-4747-E42E-79BC56FB1F1D}.Debug|Any CPU.Build.0 = Debug|Any CPU
		{7061D373-8BA7-4747-E42E-79BC56FB1F1D}.Release|Any CPU.ActiveCfg = Release|Any CPU
		{7061D373-8BA7-4747-E42E-79BC56FB1F1D}.Release|Any CPU.Build.0 = Release|Any CPU
	EndGlobalSection
	GlobalSection(SolutionProperties) = preSolution
		HideSolutionNode = FALSE
	EndGlobalSection
	GlobalSection(ExtensibilityGlobals) = postSolution
		SolutionGuid = {F6BE7AE3-8480-4800-9CB0-D16AA8E8A290}
	EndGlobalSection
EndGlobal
