<Solution>
  <Project Path="Dukaan.Notification.Domain/Dukaan.Notification.Domain.csproj" />
  <Project Path="Dukaan.Notification.Application/Dukaan.Notification.Application.csproj" />
  <Project Path="Dukaan.Notification.Infrastructure/Dukaan.Notification.Infrastructure.csproj" />
  <Project Path="Dukaan.Notification.Host/Dukaan.Notification.Host.csproj" />
  <Project Path="Dukaan.Notification.Tests/Dukaan.Notification.Tests.csproj" />
</Solution>
